// !$*UTF8*$!
{
	archiveVersion = 1;
	classes = {
	};
	objectVersion = 46;
	objects = {

/* Begin PBXBuildFile section */
		51868EE71EF92E1E005877EE /* AppDelegate.swift in Sources */ = {isa = PBXBuildFile; fileRef = 51868EE61EF92E1E005877EE /* AppDelegate.swift */; };
		51868EEC1EF92E1E005877EE /* Main.storyboard in Resources */ = {isa = PBXBuildFile; fileRef = 51868EEA1EF92E1E005877EE /* Main.storyboard */; };
		51868EEE1EF92E1E005877EE /* Assets.xcassets in Resources */ = {isa = PBXBuildFile; fileRef = 51868EED1EF92E1E005877EE /* Assets.xcassets */; };
		51868EF11EF92E1E005877EE /* LaunchScreen.storyboard in Resources */ = {isa = PBXBuildFile; fileRef = 51868EEF1EF92E1E005877EE /* LaunchScreen.storyboard */; };
		51868EF91EF93266005877EE /* ListTableViewController.swift in Sources */ = {isa = PBXBuildFile; fileRef = 51868EF81EF93266005877EE /* ListTableViewController.swift */; };
		51868EFD1EF932AF005877EE /* DetailViewController.swift in Sources */ = {isa = PBXBuildFile; fileRef = 51868EFC1EF932AF005877EE /* DetailViewController.swift */; };
		51868EFF1EF93464005877EE /* Person.swift in Sources */ = {isa = PBXBuildFile; fileRef = 51868EFE1EF93464005877EE /* Person.swift */; };
/* End PBXBuildFile section */

/* Begin PBXFileReference section */
		51868EE31EF92E1E005877EE /* 通讯录.app */ = {isa = PBXFileReference; explicitFileType = wrapper.application; includeInIndex = 0; path = "通讯录.app"; sourceTree = BUILT_PRODUCTS_DIR; };
		51868EE61EF92E1E005877EE /* AppDelegate.swift */ = {isa = PBXFileReference; lastKnownFileType = sourcecode.swift; path = AppDelegate.swift; sourceTree = "<group>"; };
		51868EEB1EF92E1E005877EE /* Base */ = {isa = PBXFileReference; lastKnownFileType = file.storyboard; name = Base; path = Base.lproj/Main.storyboard; sourceTree = "<group>"; };
		51868EED1EF92E1E005877EE /* Assets.xcassets */ = {isa = PBXFileReference; lastKnownFileType = folder.assetcatalog; path = Assets.xcassets; sourceTree = "<group>"; };
		51868EF01EF92E1E005877EE /* Base */ = {isa = PBXFileReference; lastKnownFileType = file.storyboard; name = Base; path = Base.lproj/LaunchScreen.storyboard; sourceTree = "<group>"; };
		51868EF21EF92E1E005877EE /* Info.plist */ = {isa = PBXFileReference; lastKnownFileType = text.plist.xml; path = Info.plist; sourceTree = "<group>"; };
		51868EF81EF93266005877EE /* ListTableViewController.swift */ = {isa = PBXFileReference; fileEncoding = 4; lastKnownFileType = sourcecode.swift; path = ListTableViewController.swift; sourceTree = "<group>"; };
		51868EFC1EF932AF005877EE /* DetailViewController.swift */ = {isa = PBXFileReference; fileEncoding = 4; lastKnownFileType = sourcecode.swift; path = DetailViewController.swift; sourceTree = "<group>"; };
		51868EFE1EF93464005877EE /* Person.swift */ = {isa = PBXFileReference; fileEncoding = 4; lastKnownFileType = sourcecode.swift; path = Person.swift; sourceTree = "<group>"; };
/* End PBXFileReference section */

/* Begin PBXFrameworksBuildPhase section */
		51868EE01EF92E1E005877EE /* Frameworks */ = {
			isa = PBXFrameworksBuildPhase;
			buildActionMask = 2147483647;
			files = (
			);
			runOnlyForDeploymentPostprocessing = 0;
		};
/* End PBXFrameworksBuildPhase section */

/* Begin PBXGroup section */
		51868EDA1EF92E1E005877EE = {
			isa = PBXGroup;
			children = (
				51868EE51EF92E1E005877EE /* 通讯录 */,
				51868EE41EF92E1E005877EE /* Products */,
			);
			sourceTree = "<group>";
		};
		51868EE41EF92E1E005877EE /* Products */ = {
			isa = PBXGroup;
			children = (
				51868EE31EF92E1E005877EE /* 通讯录.app */,
			);
			name = Products;
			sourceTree = "<group>";
		};
		51868EE51EF92E1E005877EE /* 通讯录 */ = {
			isa = PBXGroup;
			children = (
				51868EE61EF92E1E005877EE /* AppDelegate.swift */,
				51868EEA1EF92E1E005877EE /* Main.storyboard */,
				51868EF81EF93266005877EE /* ListTableViewController.swift */,
				51868EFC1EF932AF005877EE /* DetailViewController.swift */,
				51868EFE1EF93464005877EE /* Person.swift */,
				51868EED1EF92E1E005877EE /* Assets.xcassets */,
				51868EEF1EF92E1E005877EE /* LaunchScreen.storyboard */,
				51868EF21EF92E1E005877EE /* Info.plist */,
			);
			path = "通讯录";
			sourceTree = "<group>";
		};
/* End PBXGroup section */

/* Begin PBXNativeTarget section */
		51868EE21EF92E1E005877EE /* 通讯录 */ = {
			isa = PBXNativeTarget;
			buildConfigurationList = 51868EF51EF92E1E005877EE /* Build configuration list for PBXNativeTarget "通讯录" */;
			buildPhases = (
				51868EDF1EF92E1E005877EE /* Sources */,
				51868EE01EF92E1E005877EE /* Frameworks */,
				51868EE11EF92E1E005877EE /* Resources */,
			);
			buildRules = (
			);
			dependencies = (
			);
			name = "通讯录";
			productName = "通讯录";
			productReference = 51868EE31EF92E1E005877EE /* 通讯录.app */;
			productType = "com.apple.product-type.application";
		};
/* End PBXNativeTarget section */

/* Begin PBXProject section */
		51868EDB1EF92E1E005877EE /* Project object */ = {
			isa = PBXProject;
			attributes = {
				LastSwiftUpdateCheck = 0830;
				LastUpgradeCheck = 0830;
				ORGANIZATIONNAME = liyunxiang;
				TargetAttributes = {
					51868EE21EF92E1E005877EE = {
						CreatedOnToolsVersion = 8.3.2;
						DevelopmentTeam = CFVP75NXKS;
						ProvisioningStyle = Automatic;
					};
				};
			};
			buildConfigurationList = 51868EDE1EF92E1E005877EE /* Build configuration list for PBXProject "通讯录" */;
			compatibilityVersion = "Xcode 3.2";
			developmentRegion = English;
			hasScannedForEncodings = 0;
			knownRegions = (
				en,
				Base,
			);
			mainGroup = 51868EDA1EF92E1E005877EE;
			productRefGroup = 51868EE41EF92E1E005877EE /* Products */;
			projectDirPath = "";
			projectRoot = "";
			targets = (
				51868EE21EF92E1E005877EE /* 通讯录 */,
			);
		};
/* End PBXProject section */

/* Begin PBXResourcesBuildPhase section */
		51868EE11EF92E1E005877EE /* Resources */ = {
			isa = PBXResourcesBuildPhase;
			buildActionMask = 2147483647;
			files = (
				51868EF11EF92E1E005877EE /* LaunchScreen.storyboard in Resources */,
				51868EEE1EF92E1E005877EE /* Assets.xcassets in Resources */,
				51868EEC1EF92E1E005877EE /* Main.storyboard in Resources */,
			);
			runOnlyForDeploymentPostprocessing = 0;
		};
/* End PBXResourcesBuildPhase section */

/* Begin PBXSourcesBuildPhase section */
		51868EDF1EF92E1E005877EE /* Sources */ = {
			isa = PBXSourcesBuildPhase;
			buildActionMask = 2147483647;
			files = (
				51868EFD1EF932AF005877EE /* DetailViewController.swift in Sources */,
				51868EE71EF92E1E005877EE /* AppDelegate.swift in Sources */,
				51868EFF1EF93464005877EE /* Person.swift in Sources */,
				51868EF91EF93266005877EE /* ListTableViewController.swift in Sources */,
			);
			runOnlyForDeploymentPostprocessing = 0;
		};
/* End PBXSourcesBuildPhase section */

/* Begin PBXVariantGroup section */
		51868EEA1EF92E1E005877EE /* Main.storyboard */ = {
			isa = PBXVariantGroup;
			children = (
				51868EEB1EF92E1E005877EE /* Base */,
			);
			name = Main.storyboard;
			sourceTree = "<group>";
		};
		51868EEF1EF92E1E005877EE /* LaunchScreen.storyboard */ = {
			isa = PBXVariantGroup;
			children = (
				51868EF01EF92E1E005877EE /* Base */,
			);
			name = LaunchScreen.storyboard;
			sourceTree = "<group>";
		};
/* End PBXVariantGroup section */

/* Begin XCBuildConfiguration section */
		51868EF31EF92E1E005877EE /* Debug */ = {
			isa = XCBuildConfiguration;
			buildSettings = {
				ALWAYS_SEARCH_USER_PATHS = NO;
				CLANG_ANALYZER_NONNULL = YES;
				CLANG_ANALYZER_NUMBER_OBJECT_CONVERSION = YES_AGGRESSIVE;
				CLANG_CXX_LANGUAGE_STANDARD = "gnu++0x";
				CLANG_CXX_LIBRARY = "libc++";
				CLANG_ENABLE_MODULES = YES;
				CLANG_ENABLE_OBJC_ARC = YES;
				CLANG_WARN_BOOL_CONVERSION = YES;
				CLANG_WARN_CONSTANT_CONVERSION = YES;
				CLANG_WARN_DIRECT_OBJC_ISA_USAGE = YES_ERROR;
				CLANG_WARN_DOCUMENTATION_COMMENTS = YES;
				CLANG_WARN_EMPTY_BODY = YES;
				CLANG_WARN_ENUM_CONVERSION = YES;
				CLANG_WARN_INFINITE_RECURSION = YES;
				CLANG_WARN_INT_CONVERSION = YES;
				CLANG_WARN_OBJC_ROOT_CLASS = YES_ERROR;
				CLANG_WARN_SUSPICIOUS_MOVE = YES;
				CLANG_WARN_UNREACHABLE_CODE = YES;
				CLANG_WARN__DUPLICATE_METHOD_MATCH = YES;
				"CODE_SIGN_IDENTITY[sdk=iphoneos*]" = "iPhone Developer";
				COPY_PHASE_STRIP = NO;
				DEBUG_INFORMATION_FORMAT = dwarf;
				ENABLE_STRICT_OBJC_MSGSEND = YES;
				ENABLE_TESTABILITY = YES;
				GCC_C_LANGUAGE_STANDARD = gnu99;
				GCC_DYNAMIC_NO_PIC = NO;
				GCC_NO_COMMON_BLOCKS = YES;
				GCC_OPTIMIZATION_LEVEL = 0;
				GCC_PREPROCESSOR_DEFINITIONS = (
					"DEBUG=1",
					"$(inherited)",
				);
				GCC_WARN_64_TO_32_BIT_CONVERSION = YES;
				GCC_WARN_ABOUT_RETURN_TYPE = YES_ERROR;
				GCC_WARN_UNDECLARED_SELECTOR = YES;
				GCC_WARN_UNINITIALIZED_AUTOS = YES_AGGRESSIVE;
				GCC_WARN_UNUSED_FUNCTION = YES;
				GCC_WARN_UNUSED_VARIABLE = YES;
				IPHONEOS_DEPLOYMENT_TARGET = 10.3;
				MTL_ENABLE_DEBUG_INFO = YES;
				ONLY_ACTIVE_ARCH = YES;
				SDKROOT = iphoneos;
				SWIFT_ACTIVE_COMPILATION_CONDITIONS = DEBUG;
				SWIFT_OPTIMIZATION_LEVEL = "-Onone";
				TARGETED_DEVICE_FAMILY = "1,2";
			};
			name = Debug;
		};
		51868EF41EF92E1E005877EE /* Release */ = {
			isa = XCBuildConfiguration;
			buildSettings = {
				ALWAYS_SEARCH_USER_PATHS = NO;
				CLANG_ANALYZER_NONNULL = YES;
				CLANG_ANALYZER_NUMBER_OBJECT_CONVERSION = YES_AGGRESSIVE;
				CLANG_CXX_LANGUAGE_STANDARD = "gnu++0x";
				CLANG_CXX_LIBRARY = "libc++";
				CLANG_ENABLE_MODULES = YES;
				CLANG_ENABLE_OBJC_ARC = YES;
				CLANG_WARN_BOOL_CONVERSION = YES;
				CLANG_WARN_CONSTANT_CONVERSION = YES;
				CLANG_WARN_DIRECT_OBJC_ISA_USAGE = YES_ERROR;
				CLANG_WARN_DOCUMENTATION_COMMENTS = YES;
				CLANG_WARN_EMPTY_BODY = YES;
				CLANG_WARN_ENUM_CONVERSION = YES;
				CLANG_WARN_INFINITE_RECURSION = YES;
				CLANG_WARN_INT_CONVERSION = YES;
				CLANG_WARN_OBJC_ROOT_CLASS = YES_ERROR;
				CLANG_WARN_SUSPICIOUS_MOVE = YES;
				CLANG_WARN_UNREACHABLE_CODE = YES;
				CLANG_WARN__DUPLICATE_METHOD_MATCH = YES;
				"CODE_SIGN_IDENTITY[sdk=iphoneos*]" = "iPhone Developer";
				COPY_PHASE_STRIP = NO;
				DEBUG_INFORMATION_FORMAT = "dwarf-with-dsym";
				ENABLE_NS_ASSERTIONS = NO;
				ENABLE_STRICT_OBJC_MSGSEND = YES;
				GCC_C_LANGUAGE_STANDARD = gnu99;
				GCC_NO_COMMON_BLOCKS = YES;
				GCC_WARN_64_TO_32_BIT_CONVERSION = YES;
				GCC_WARN_ABOUT_RETURN_TYPE = YES_ERROR;
				GCC_WARN_UNDECLARED_SELECTOR = YES;
				GCC_WARN_UNINITIALIZED_AUTOS = YES_AGGRESSIVE;
				GCC_WARN_UNUSED_FUNCTION = YES;
				GCC_WARN_UNUSED_VARIABLE = YES;
				IPHONEOS_DEPLOYMENT_TARGET = 10.3;
				MTL_ENABLE_DEBUG_INFO = NO;
				SDKROOT = iphoneos;
				SWIFT_OPTIMIZATION_LEVEL = "-Owholemodule";
				TARGETED_DEVICE_FAMILY = "1,2";
				VALIDATE_PRODUCT = YES;
			};
			name = Release;
		};
		51868EF61EF92E1E005877EE /* Debug */ = {
			isa = XCBuildConfiguration;
			buildSettings = {
				ASSETCATALOG_COMPILER_APPICON_NAME = AppIcon;
				DEVELOPMENT_TEAM = CFVP75NXKS;
				INFOPLIST_FILE = "通讯录/Info.plist";
				LD_RUNPATH_SEARCH_PATHS = "$(inherited) @executable_path/Frameworks";
				PRODUCT_BUNDLE_IDENTIFIER = "xxt.---";
				PRODUCT_NAME = "$(TARGET_NAME)";
				SWIFT_VERSION = 3.0;
			};
			name = Debug;
		};
		51868EF71EF92E1E005877EE /* Release */ = {
			isa = XCBuildConfiguration;
			buildSettings = {
				ASSETCATALOG_COMPILER_APPICON_NAME = AppIcon;
				DEVELOPMENT_TEAM = CFVP75NXKS;
				INFOPLIST_FILE = "通讯录/Info.plist";
				LD_RUNPATH_SEARCH_PATHS = "$(inherited) @executable_path/Frameworks";
				PRODUCT_BUNDLE_IDENTIFIER = "xxt.---";
				PRODUCT_NAME = "$(TARGET_NAME)";
				SWIFT_VERSION = 3.0;
			};
			name = Release;
		};
/* End XCBuildConfiguration section */

/* Begin XCConfigurationList section */
		51868EDE1EF92E1E005877EE /* Build configuration list for PBXProject "通讯录" */ = {
			isa = XCConfigurationList;
			buildConfigurations = (
				51868EF31EF92E1E005877EE /* Debug */,
				51868EF41EF92E1E005877EE /* Release */,
			);
			defaultConfigurationIsVisible = 0;
			defaultConfigurationName = Release;
		};
		51868EF51EF92E1E005877EE /* Build configuration list for PBXNativeTarget "通讯录" */ = {
			isa = XCConfigurationList;
			buildConfigurations = (
				51868EF61EF92E1E005877EE /* Debug */,
				51868EF71EF92E1E005877EE /* Release */,
			);
			defaultConfigurationIsVisible = 0;
		};
/* End XCConfigurationList section */
	};
	rootObject = 51868EDB1EF92E1E005877EE /* Project object */;
}
